
Microsoft Visual Studio Solution File, Format Version 12.00
# Visual Studio Version 17
VisualStudioVersion = 17.14.36203.30 d17.14
MinimumVisualStudioVersion = 10.0.40219.1
Project("{FAE04EC0-301F-11D3-BF4B-00C04F79EFBC}") = "全局文件搜索", "全局文件搜索.csproj", "{F4B908E7-282D-4B5F-AAA2-FA7AE99BF0F7}"
EndProject
Global
	GlobalSection(SolutionConfigurationPlatforms) = preSolution
		Debug|Any CPU = Debug|Any CPU
		Release|Any CPU = Release|Any CPU
	EndGlobalSection
	GlobalSection(ProjectConfigurationPlatforms) = postSolution
		{F4B908E7-282D-4B5F-AAA2-FA7AE99BF0F7}.Debug|Any CPU.ActiveCfg = Debug|Any CPU
		{F4B908E7-282D-4B5F-AAA2-FA7AE99BF0F7}.Debug|Any CPU.Build.0 = Debug|Any CPU
		{F4B908E7-282D-4B5F-AAA2-FA7AE99BF0F7}.Release|Any CPU.ActiveCfg = Release|Any CPU
		{F4B908E7-282D-4B5F-AAA2-FA7AE99BF0F7}.Release|Any CPU.Build.0 = Release|Any CPU
	EndGlobalSection
	GlobalSection(SolutionProperties) = preSolution
		HideSolutionNode = FALSE
	EndGlobalSection
	GlobalSection(ExtensibilityGlobals) = postSolution
		SolutionGuid = {DAEFA397-D873-4EF6-AFE3-40DEA20BE2BB}
	EndGlobalSection
EndGlobal
